
Microsoft Visual Studio Solution File, Format Version 12.00
# Visual Studio Version 17
VisualStudioVersion = 17.6.33815.320
MinimumVisualStudioVersion = 10.0.40219.1
Project("{9A19103F-16F7-4668-BE54-9A1E7A4F7556}") = "WebApp", "WebApp\WebApp.csproj", "{A700C2CA-ADF5-45C4-B049-F06D0CBCDD6D}"
EndProject
Project("{9A19103F-16F7-4668-BE54-9A1E7A4F7556}") = "Entities", "Entities\Entities.csproj", "{62CC756C-B6BD-4E28-9340-B86F17C22AC0}"
EndProject
Project("{FAE04EC0-301F-11D3-BF4B-00C04F79EFBC}") = "Repositories", "Repositories\Repositories.csproj", "{6DADFE47-881E-47C2-A868-8DE5ECEDBC94}"
EndProject
Global
	GlobalSection(SolutionConfigurationPlatforms) = preSolution
		Debug|Any CPU = Debug|Any CPU
		Release|Any CPU = Release|Any CPU
	EndGlobalSection
	GlobalSection(ProjectConfigurationPlatforms) = postSolution
		{A700C2CA-ADF5-45C4-B049-F06D0CBCDD6D}.Debug|Any CPU.ActiveCfg = Debug|Any CPU
		{A700C2CA-ADF5-45C4-B049-F06D0CBCDD6D}.Debug|Any CPU.Build.0 = Debug|Any CPU
		{A700C2CA-ADF5-45C4-B049-F06D0CBCDD6D}.Release|Any CPU.ActiveCfg = Release|Any CPU
		{A700C2CA-ADF5-45C4-B049-F06D0CBCDD6D}.Release|Any CPU.Build.0 = Release|Any CPU
		{62CC756C-B6BD-4E28-9340-B86F17C22AC0}.Debug|Any CPU.ActiveCfg = Debug|Any CPU
		{62CC756C-B6BD-4E28-9340-B86F17C22AC0}.Debug|Any CPU.Build.0 = Debug|Any CPU
		{62CC756C-B6BD-4E28-9340-B86F17C22AC0}.Release|Any CPU.ActiveCfg = Release|Any CPU
		{62CC756C-B6BD-4E28-9340-B86F17C22AC0}.Release|Any CPU.Build.0 = Release|Any CPU
		{6DADFE47-881E-47C2-A868-8DE5ECEDBC94}.Debug|Any CPU.ActiveCfg = Debug|Any CPU
		{6DADFE47-881E-47C2-A868-8DE5ECEDBC94}.Debug|Any CPU.Build.0 = Debug|Any CPU
		{6DADFE47-881E-47C2-A868-8DE5ECEDBC94}.Release|Any CPU.ActiveCfg = Release|Any CPU
		{6DADFE47-881E-47C2-A868-8DE5ECEDBC94}.Release|Any CPU.Build.0 = Release|Any CPU
	EndGlobalSection
	GlobalSection(SolutionProperties) = preSolution
		HideSolutionNode = FALSE
	EndGlobalSection
	GlobalSection(ExtensibilityGlobals) = postSolution
		SolutionGuid = {EDC3BD2B-8FE1-495E-BBFE-4F18277099FD}
	EndGlobalSection
EndGlobal
